// !$*UTF8*$!
{
	archiveVersion = 1;
	classes = {
	};
	objectVersion = 51;
	objects = {

/* Begin PBXBuildFile section */
		AE21251623F193C60043D217 /* AppDelegate.swift in Sources */ = {isa = PBXBuildFile; fileRef = AE21251523F193C60043D217 /* AppDelegate.swift */; };
		AE21251823F193C60043D217 /* SceneDelegate.swift in Sources */ = {isa = PBXBuildFile; fileRef = AE21251723F193C60043D217 /* SceneDelegate.swift */; };
		AE21251A23F193C60043D217 /* TableViewController.swift in Sources */ = {isa = PBXBuildFile; fileRef = AE21251923F193C60043D217 /* TableViewController.swift */; };
		AE21251D23F193C60043D217 /* Main.storyboard in Resources */ = {isa = PBXBuildFile; fileRef = AE21251B23F193C60043D217 /* Main.storyboard */; };
		AE21251F23F193C80043D217 /* Assets.xcassets in Resources */ = {isa = PBXBuildFile; fileRef = AE21251E23F193C80043D217 /* Assets.xcassets */; };
		AE21252223F193C80043D217 /* LaunchScreen.storyboard in Resources */ = {isa = PBXBuildFile; fileRef = AE21252023F193C80043D217 /* LaunchScreen.storyboard */; };
		AE21252A23F199D70043D217 /* GeoTableCell.swift in Sources */ = {isa = PBXBuildFile; fileRef = AE21252923F199D70043D217 /* GeoTableCell.swift */; };
		AE21252C23F1A30A0043D217 /* AssetInfoModel.swift in Sources */ = {isa = PBXBuildFile; fileRef = AE21252B23F1A30A0043D217 /* AssetInfoModel.swift */; };
		AE21253023F1B0B60043D217 /* MapViewController.swift in Sources */ = {isa = PBXBuildFile; fileRef = AE21252F23F1B0B60043D217 /* MapViewController.swift */; };
		AE21253423F1B45D0043D217 /* Podfile in Resources */ = {isa = PBXBuildFile; fileRef = AE21253323F1B45D0043D217 /* Podfile */; };
		AE21253A23F1D1800043D217 /* PhotoManager.swift in Sources */ = {isa = PBXBuildFile; fileRef = AE21253923F1D1800043D217 /* PhotoManager.swift */; };
		AE42C24923F2EE690030E6C9 /* Observable.swift in Sources */ = {isa = PBXBuildFile; fileRef = AE42C24823F2EE690030E6C9 /* Observable.swift */; };
/* End PBXBuildFile section */

/* Begin PBXFileReference section */
		10C08FE19E24130FEA484926 /* Pods-GeoLibrary.debug.xcconfig */ = {isa = PBXFileReference; includeInIndex = 1; lastKnownFileType = text.xcconfig; name = "Pods-GeoLibrary.debug.xcconfig"; path = "Target Support Files/Pods-GeoLibrary/Pods-GeoLibrary.debug.xcconfig"; sourceTree = "<group>"; };
		35C909759ED6DB2DD4AE10F1 /* Pods-GeoLibrary.release.xcconfig */ = {isa = PBXFileReference; includeInIndex = 1; lastKnownFileType = text.xcconfig; name = "Pods-GeoLibrary.release.xcconfig"; path = "Target Support Files/Pods-GeoLibrary/Pods-GeoLibrary.release.xcconfig"; sourceTree = "<group>"; };
		7EC51631FD88DB3BF3F2D993 /* libPods-GeoLibrary.a */ = {isa = PBXFileReference; explicitFileType = archive.ar; includeInIndex = 0; path = "libPods-GeoLibrary.a"; sourceTree = BUILT_PRODUCTS_DIR; };
		AE21251223F193C60043D217 /* GeoLibrary.app */ = {isa = PBXFileReference; explicitFileType = wrapper.application; includeInIndex = 0; path = GeoLibrary.app; sourceTree = BUILT_PRODUCTS_DIR; };
		AE21251523F193C60043D217 /* AppDelegate.swift */ = {isa = PBXFileReference; lastKnownFileType = sourcecode.swift; path = AppDelegate.swift; sourceTree = "<group>"; };
		AE21251723F193C60043D217 /* SceneDelegate.swift */ = {isa = PBXFileReference; lastKnownFileType = sourcecode.swift; path = SceneDelegate.swift; sourceTree = "<group>"; };
		AE21251923F193C60043D217 /* TableViewController.swift */ = {isa = PBXFileReference; lastKnownFileType = sourcecode.swift; path = TableViewController.swift; sourceTree = "<group>"; };
		AE21251C23F193C60043D217 /* Base */ = {isa = PBXFileReference; lastKnownFileType = file.storyboard; name = Base; path = Base.lproj/Main.storyboard; sourceTree = "<group>"; };
		AE21251E23F193C80043D217 /* Assets.xcassets */ = {isa = PBXFileReference; lastKnownFileType = folder.assetcatalog; path = Assets.xcassets; sourceTree = "<group>"; };
		AE21252123F193C80043D217 /* Base */ = {isa = PBXFileReference; lastKnownFileType = file.storyboard; name = Base; path = Base.lproj/LaunchScreen.storyboard; sourceTree = "<group>"; };
		AE21252323F193C80043D217 /* Info.plist */ = {isa = PBXFileReference; lastKnownFileType = text.plist.xml; path = Info.plist; sourceTree = "<group>"; };
		AE21252923F199D70043D217 /* GeoTableCell.swift */ = {isa = PBXFileReference; lastKnownFileType = sourcecode.swift; path = GeoTableCell.swift; sourceTree = "<group>"; };
		AE21252B23F1A30A0043D217 /* AssetInfoModel.swift */ = {isa = PBXFileReference; lastKnownFileType = sourcecode.swift; path = AssetInfoModel.swift; sourceTree = "<group>"; };
		AE21252F23F1B0B60043D217 /* MapViewController.swift */ = {isa = PBXFileReference; lastKnownFileType = sourcecode.swift; path = MapViewController.swift; sourceTree = "<group>"; };
		AE21253323F1B45D0043D217 /* Podfile */ = {isa = PBXFileReference; lastKnownFileType = text; path = Podfile; sourceTree = "<group>"; xcLanguageSpecificationIdentifier = xcode.lang.ruby; };
		AE21253923F1D1800043D217 /* PhotoManager.swift */ = {isa = PBXFileReference; lastKnownFileType = sourcecode.swift; path = PhotoManager.swift; sourceTree = "<group>"; };
		AE21253C23F1E17E0043D217 /* libPods-GeoLibrary.a */ = {isa = PBXFileReference; explicitFileType = archive.ar; path = "libPods-GeoLibrary.a"; sourceTree = BUILT_PRODUCTS_DIR; };
		AE42C24823F2EE690030E6C9 /* Observable.swift */ = {isa = PBXFileReference; lastKnownFileType = sourcecode.swift; path = Observable.swift; sourceTree = "<group>"; };
/* End PBXFileReference section */

/* Begin PBXFrameworksBuildPhase section */
		AE21250F23F193C60043D217 /* Frameworks */ = {
			isa = PBXFrameworksBuildPhase;
			buildActionMask = 2147483647;
			files = (
			);
			runOnlyForDeploymentPostprocessing = 0;
		};
/* End PBXFrameworksBuildPhase section */

/* Begin PBXGroup section */
		3DA9DB59E187618DB75B2E98 /* Frameworks */ = {
			isa = PBXGroup;
			children = (
				AE21253C23F1E17E0043D217 /* libPods-GeoLibrary.a */,
				7EC51631FD88DB3BF3F2D993 /* libPods-GeoLibrary.a */,
			);
			name = Frameworks;
			sourceTree = "<group>";
		};
		8AAB52E07153E221F7666DB8 /* Pods */ = {
			isa = PBXGroup;
			children = (
				10C08FE19E24130FEA484926 /* Pods-GeoLibrary.debug.xcconfig */,
				35C909759ED6DB2DD4AE10F1 /* Pods-GeoLibrary.release.xcconfig */,
			);
			path = Pods;
			sourceTree = "<group>";
		};
		AE21250923F193C60043D217 = {
			isa = PBXGroup;
			children = (
				AE21253323F1B45D0043D217 /* Podfile */,
				AE21251423F193C60043D217 /* GeoLibrary */,
				AE21251323F193C60043D217 /* Products */,
				8AAB52E07153E221F7666DB8 /* Pods */,
				3DA9DB59E187618DB75B2E98 /* Frameworks */,
			);
			sourceTree = "<group>";
		};
		AE21251323F193C60043D217 /* Products */ = {
			isa = PBXGroup;
			children = (
				AE21251223F193C60043D217 /* GeoLibrary.app */,
			);
			name = Products;
			sourceTree = "<group>";
		};
		AE21251423F193C60043D217 /* GeoLibrary */ = {
			isa = PBXGroup;
			children = (
				AE21251523F193C60043D217 /* AppDelegate.swift */,
				AE21251723F193C60043D217 /* SceneDelegate.swift */,
				AE21253B23F1DB130043D217 /* PhotoManager */,
				AE21253823F1C7F80043D217 /* Models */,
				AE21253623F1C7D00043D217 /* Controllers */,
				AE21253523F1C74D0043D217 /* Storyboards */,
				AE21253723F1C7DF0043D217 /* TableViewCells */,
				AE21251E23F193C80043D217 /* Assets.xcassets */,
				AE21252323F193C80043D217 /* Info.plist */,
			);
			path = GeoLibrary;
			sourceTree = "<group>";
		};
		AE21253523F1C74D0043D217 /* Storyboards */ = {
			isa = PBXGroup;
			children = (
				AE21251B23F193C60043D217 /* Main.storyboard */,
				AE21252023F193C80043D217 /* LaunchScreen.storyboard */,
			);
			path = Storyboards;
			sourceTree = "<group>";
		};
		AE21253623F1C7D00043D217 /* Controllers */ = {
			isa = PBXGroup;
			children = (
				AE21252F23F1B0B60043D217 /* MapViewController.swift */,
				AE21251923F193C60043D217 /* TableViewController.swift */,
			);
			path = Controllers;
			sourceTree = "<group>";
		};
		AE21253723F1C7DF0043D217 /* TableViewCells */ = {
			isa = PBXGroup;
			children = (
				AE21252923F199D70043D217 /* GeoTableCell.swift */,
			);
			path = TableViewCells;
			sourceTree = "<group>";
		};
		AE21253823F1C7F80043D217 /* Models */ = {
			isa = PBXGroup;
			children = (
				AE21252B23F1A30A0043D217 /* AssetInfoModel.swift */,
			);
			path = Models;
			sourceTree = "<group>";
		};
		AE21253B23F1DB130043D217 /* PhotoManager */ = {
			isa = PBXGroup;
			children = (
				AE21253923F1D1800043D217 /* PhotoManager.swift */,
				AE42C24823F2EE690030E6C9 /* Observable.swift */,
			);
			path = PhotoManager;
			sourceTree = "<group>";
		};
/* End PBXGroup section */

/* Begin PBXNativeTarget section */
		AE21251123F193C60043D217 /* GeoLibrary */ = {
			isa = PBXNativeTarget;
			buildConfigurationList = AE21252623F193C80043D217 /* Build configuration list for PBXNativeTarget "GeoLibrary" */;
			buildPhases = (
				021A0B7BB11A1470CAB51B5A /* [CP] Check Pods Manifest.lock */,
				AE21250E23F193C60043D217 /* Sources */,
				AE21250F23F193C60043D217 /* Frameworks */,
				AE21251023F193C60043D217 /* Resources */,
				31B981EB4F19A8C73E659108 /* [CP] Copy Pods Resources */,
			);
			buildRules = (
			);
			dependencies = (
			);
			name = GeoLibrary;
			productName = GeoLibrary;
			productReference = AE21251223F193C60043D217 /* GeoLibrary.app */;
			productType = "com.apple.product-type.application";
		};
/* End PBXNativeTarget section */

/* Begin PBXProject section */
		AE21250A23F193C60043D217 /* Project object */ = {
			isa = PBXProject;
			attributes = {
				LastSwiftUpdateCheck = 1130;
				LastUpgradeCheck = 1130;
				ORGANIZATIONNAME = bhdn;
				TargetAttributes = {
					AE21251123F193C60043D217 = {
						CreatedOnToolsVersion = 11.3.1;
					};
				};
			};
			buildConfigurationList = AE21250D23F193C60043D217 /* Build configuration list for PBXProject "GeoLibrary" */;
			compatibilityVersion = "Xcode 9.3";
			developmentRegion = en;
			hasScannedForEncodings = 0;
			knownRegions = (
				en,
				Base,
			);
			mainGroup = AE21250923F193C60043D217;
			productRefGroup = AE21251323F193C60043D217 /* Products */;
			projectDirPath = "";
			projectRoot = "";
			targets = (
				AE21251123F193C60043D217 /* GeoLibrary */,
			);
		};
/* End PBXProject section */

/* Begin PBXResourcesBuildPhase section */
		AE21251023F193C60043D217 /* Resources */ = {
			isa = PBXResourcesBuildPhase;
			buildActionMask = 2147483647;
			files = (
				AE21252223F193C80043D217 /* LaunchScreen.storyboard in Resources */,
				AE21251F23F193C80043D217 /* Assets.xcassets in Resources */,
				AE21253423F1B45D0043D217 /* Podfile in Resources */,
				AE21251D23F193C60043D217 /* Main.storyboard in Resources */,
			);
			runOnlyForDeploymentPostprocessing = 0;
		};
/* End PBXResourcesBuildPhase section */

/* Begin PBXShellScriptBuildPhase section */
		021A0B7BB11A1470CAB51B5A /* [CP] Check Pods Manifest.lock */ = {
			isa = PBXShellScriptBuildPhase;
			buildActionMask = 2147483647;
			files = (
			);
			inputFileListPaths = (
			);
			inputPaths = (
				"${PODS_PODFILE_DIR_PATH}/Podfile.lock",
				"${PODS_ROOT}/Manifest.lock",
			);
			name = "[CP] Check Pods Manifest.lock";
			outputFileListPaths = (
			);
			outputPaths = (
				"$(DERIVED_FILE_DIR)/Pods-GeoLibrary-checkManifestLockResult.txt",
			);
			runOnlyForDeploymentPostprocessing = 0;
			shellPath = /bin/sh;
			shellScript = "diff \"${PODS_PODFILE_DIR_PATH}/Podfile.lock\" \"${PODS_ROOT}/Manifest.lock\" > /dev/null\nif [ $? != 0 ] ; then\n    # print error to STDERR\n    echo \"error: The sandbox is not in sync with the Podfile.lock. Run 'pod install' or update your CocoaPods installation.\" >&2\n    exit 1\nfi\n# This output is used by Xcode 'outputs' to avoid re-running this script phase.\necho \"SUCCESS\" > \"${SCRIPT_OUTPUT_FILE_0}\"\n";
			showEnvVarsInLog = 0;
		};
		31B981EB4F19A8C73E659108 /* [CP] Copy Pods Resources */ = {
			isa = PBXShellScriptBuildPhase;
			buildActionMask = 2147483647;
			files = (
			);
			inputFileListPaths = (
				"${PODS_ROOT}/Target Support Files/Pods-GeoLibrary/Pods-GeoLibrary-resources-${CONFIGURATION}-input-files.xcfilelist",
			);
			name = "[CP] Copy Pods Resources";
			outputFileListPaths = (
				"${PODS_ROOT}/Target Support Files/Pods-GeoLibrary/Pods-GeoLibrary-resources-${CONFIGURATION}-output-files.xcfilelist",
			);
			runOnlyForDeploymentPostprocessing = 0;
			shellPath = /bin/sh;
			shellScript = "\"${PODS_ROOT}/Target Support Files/Pods-GeoLibrary/Pods-GeoLibrary-resources.sh\"\n";
			showEnvVarsInLog = 0;
		};
/* End PBXShellScriptBuildPhase section */

/* Begin PBXSourcesBuildPhase section */
		AE21250E23F193C60043D217 /* Sources */ = {
			isa = PBXSourcesBuildPhase;
			buildActionMask = 2147483647;
			files = (
				AE42C24923F2EE690030E6C9 /* Observable.swift in Sources */,
				AE21252C23F1A30A0043D217 /* AssetInfoModel.swift in Sources */,
				AE21253023F1B0B60043D217 /* MapViewController.swift in Sources */,
				AE21252A23F199D70043D217 /* GeoTableCell.swift in Sources */,
				AE21251A23F193C60043D217 /* TableViewController.swift in Sources */,
				AE21251623F193C60043D217 /* AppDelegate.swift in Sources */,
				AE21251823F193C60043D217 /* SceneDelegate.swift in Sources */,
				AE21253A23F1D1800043D217 /* PhotoManager.swift in Sources */,
			);
			runOnlyForDeploymentPostprocessing = 0;
		};
/* End PBXSourcesBuildPhase section */

/* Begin PBXVariantGroup section */
		AE21251B23F193C60043D217 /* Main.storyboard */ = {
			isa = PBXVariantGroup;
			children = (
				AE21251C23F193C60043D217 /* Base */,
			);
			name = Main.storyboard;
			sourceTree = "<group>";
		};
		AE21252023F193C80043D217 /* LaunchScreen.storyboard */ = {
			isa = PBXVariantGroup;
			children = (
				AE21252123F193C80043D217 /* Base */,
			);
			name = LaunchScreen.storyboard;
			sourceTree = "<group>";
		};
/* End PBXVariantGroup section */

/* Begin XCBuildConfiguration section */
		AE21252423F193C80043D217 /* Debug */ = {
			isa = XCBuildConfiguration;
			buildSettings = {
				ALWAYS_SEARCH_USER_PATHS = NO;
				CLANG_ANALYZER_NONNULL = YES;
				CLANG_ANALYZER_NUMBER_OBJECT_CONVERSION = YES_AGGRESSIVE;
				CLANG_CXX_LANGUAGE_STANDARD = "gnu++14";
				CLANG_CXX_LIBRARY = "libc++";
				CLANG_ENABLE_MODULES = YES;
				CLANG_ENABLE_OBJC_ARC = YES;
				CLANG_ENABLE_OBJC_WEAK = YES;
				CLANG_WARN_BLOCK_CAPTURE_AUTORELEASING = YES;
				CLANG_WARN_BOOL_CONVERSION = YES;
				CLANG_WARN_COMMA = YES;
				CLANG_WARN_CONSTANT_CONVERSION = YES;
				CLANG_WARN_DEPRECATED_OBJC_IMPLEMENTATIONS = YES;
				CLANG_WARN_DIRECT_OBJC_ISA_USAGE = YES_ERROR;
				CLANG_WARN_DOCUMENTATION_COMMENTS = YES;
				CLANG_WARN_EMPTY_BODY = YES;
				CLANG_WARN_ENUM_CONVERSION = YES;
				CLANG_WARN_INFINITE_RECURSION = YES;
				CLANG_WARN_INT_CONVERSION = YES;
				CLANG_WARN_NON_LITERAL_NULL_CONVERSION = YES;
				CLANG_WARN_OBJC_IMPLICIT_RETAIN_SELF = YES;
				CLANG_WARN_OBJC_LITERAL_CONVERSION = YES;
				CLANG_WARN_OBJC_ROOT_CLASS = YES_ERROR;
				CLANG_WARN_RANGE_LOOP_ANALYSIS = YES;
				CLANG_WARN_STRICT_PROTOTYPES = YES;
				CLANG_WARN_SUSPICIOUS_MOVE = YES;
				CLANG_WARN_UNGUARDED_AVAILABILITY = YES_AGGRESSIVE;
				CLANG_WARN_UNREACHABLE_CODE = YES;
				CLANG_WARN__DUPLICATE_METHOD_MATCH = YES;
				COPY_PHASE_STRIP = NO;
				DEBUG_INFORMATION_FORMAT = dwarf;
				ENABLE_STRICT_OBJC_MSGSEND = YES;
				ENABLE_TESTABILITY = YES;
				GCC_C_LANGUAGE_STANDARD = gnu11;
				GCC_DYNAMIC_NO_PIC = NO;
				GCC_NO_COMMON_BLOCKS = YES;
				GCC_OPTIMIZATION_LEVEL = 0;
				GCC_PREPROCESSOR_DEFINITIONS = (
					"DEBUG=1",
					"$(inherited)",
				);
				GCC_WARN_64_TO_32_BIT_CONVERSION = YES;
				GCC_WARN_ABOUT_RETURN_TYPE = YES_ERROR;
				GCC_WARN_UNDECLARED_SELECTOR = YES;
				GCC_WARN_UNINITIALIZED_AUTOS = YES_AGGRESSIVE;
				GCC_WARN_UNUSED_FUNCTION = YES;
				GCC_WARN_UNUSED_VARIABLE = YES;
				IPHONEOS_DEPLOYMENT_TARGET = 13.2;
				MTL_ENABLE_DEBUG_INFO = INCLUDE_SOURCE;
				MTL_FAST_MATH = YES;
				ONLY_ACTIVE_ARCH = YES;
				SDKROOT = iphoneos;
				SWIFT_ACTIVE_COMPILATION_CONDITIONS = DEBUG;
				SWIFT_OPTIMIZATION_LEVEL = "-Onone";
			};
			name = Debug;
		};
		AE21252523F193C80043D217 /* Release */ = {
			isa = XCBuildConfiguration;
			buildSettings = {
				ALWAYS_SEARCH_USER_PATHS = NO;
				CLANG_ANALYZER_NONNULL = YES;
				CLANG_ANALYZER_NUMBER_OBJECT_CONVERSION = YES_AGGRESSIVE;
				CLANG_CXX_LANGUAGE_STANDARD = "gnu++14";
				CLANG_CXX_LIBRARY = "libc++";
				CLANG_ENABLE_MODULES = YES;
				CLANG_ENABLE_OBJC_ARC = YES;
				CLANG_ENABLE_OBJC_WEAK = YES;
				CLANG_WARN_BLOCK_CAPTURE_AUTORELEASING = YES;
				CLANG_WARN_BOOL_CONVERSION = YES;
				CLANG_WARN_COMMA = YES;
				CLANG_WARN_CONSTANT_CONVERSION = YES;
				CLANG_WARN_DEPRECATED_OBJC_IMPLEMENTATIONS = YES;
				CLANG_WARN_DIRECT_OBJC_ISA_USAGE = YES_ERROR;
				CLANG_WARN_DOCUMENTATION_COMMENTS = YES;
				CLANG_WARN_EMPTY_BODY = YES;
				CLANG_WARN_ENUM_CONVERSION = YES;
				CLANG_WARN_INFINITE_RECURSION = YES;
				CLANG_WARN_INT_CONVERSION = YES;
				CLANG_WARN_NON_LITERAL_NULL_CONVERSION = YES;
				CLANG_WARN_OBJC_IMPLICIT_RETAIN_SELF = YES;
				CLANG_WARN_OBJC_LITERAL_CONVERSION = YES;
				CLANG_WARN_OBJC_ROOT_CLASS = YES_ERROR;
				CLANG_WARN_RANGE_LOOP_ANALYSIS = YES;
				CLANG_WARN_STRICT_PROTOTYPES = YES;
				CLANG_WARN_SUSPICIOUS_MOVE = YES;
				CLANG_WARN_UNGUARDED_AVAILABILITY = YES_AGGRESSIVE;
				CLANG_WARN_UNREACHABLE_CODE = YES;
				CLANG_WARN__DUPLICATE_METHOD_MATCH = YES;
				COPY_PHASE_STRIP = NO;
				DEBUG_INFORMATION_FORMAT = "dwarf-with-dsym";
				ENABLE_NS_ASSERTIONS = NO;
				ENABLE_STRICT_OBJC_MSGSEND = YES;
				GCC_C_LANGUAGE_STANDARD = gnu11;
				GCC_NO_COMMON_BLOCKS = YES;
				GCC_WARN_64_TO_32_BIT_CONVERSION = YES;
				GCC_WARN_ABOUT_RETURN_TYPE = YES_ERROR;
				GCC_WARN_UNDECLARED_SELECTOR = YES;
				GCC_WARN_UNINITIALIZED_AUTOS = YES_AGGRESSIVE;
				GCC_WARN_UNUSED_FUNCTION = YES;
				GCC_WARN_UNUSED_VARIABLE = YES;
				IPHONEOS_DEPLOYMENT_TARGET = 13.2;
				MTL_ENABLE_DEBUG_INFO = NO;
				MTL_FAST_MATH = YES;
				SDKROOT = iphoneos;
				SWIFT_COMPILATION_MODE = wholemodule;
				SWIFT_OPTIMIZATION_LEVEL = "-O";
				VALIDATE_PRODUCT = YES;
			};
			name = Release;
		};
		AE21252723F193C80043D217 /* Debug */ = {
			isa = XCBuildConfiguration;
			baseConfigurationReference = 10C08FE19E24130FEA484926 /* Pods-GeoLibrary.debug.xcconfig */;
			buildSettings = {
				ASSETCATALOG_COMPILER_APPICON_NAME = AppIcon;
				CODE_SIGN_STYLE = Automatic;
				INFOPLIST_FILE = GeoLibrary/Info.plist;
				LD_RUNPATH_SEARCH_PATHS = (
					"$(inherited)",
					"@executable_path/Frameworks",
				);
				PRODUCT_BUNDLE_IDENTIFIER = polytech.GeoLibrary;
				PRODUCT_NAME = "$(TARGET_NAME)";
				SWIFT_VERSION = 5.0;
				TARGETED_DEVICE_FAMILY = "1,2";
			};
			name = Debug;
		};
		AE21252823F193C80043D217 /* Release */ = {
			isa = XCBuildConfiguration;
			baseConfigurationReference = 35C909759ED6DB2DD4AE10F1 /* Pods-GeoLibrary.release.xcconfig */;
			buildSettings = {
				ASSETCATALOG_COMPILER_APPICON_NAME = AppIcon;
				CODE_SIGN_STYLE = Automatic;
				INFOPLIST_FILE = GeoLibrary/Info.plist;
				LD_RUNPATH_SEARCH_PATHS = (
					"$(inherited)",
					"@executable_path/Frameworks",
				);
				PRODUCT_BUNDLE_IDENTIFIER = polytech.GeoLibrary;
				PRODUCT_NAME = "$(TARGET_NAME)";
				SWIFT_VERSION = 5.0;
				TARGETED_DEVICE_FAMILY = "1,2";
			};
			name = Release;
		};
/* End XCBuildConfiguration section */

/* Begin XCConfigurationList section */
		AE21250D23F193C60043D217 /* Build configuration list for PBXProject "GeoLibrary" */ = {
			isa = XCConfigurationList;
			buildConfigurations = (
				AE21252423F193C80043D217 /* Debug */,
				AE21252523F193C80043D217 /* Release */,
			);
			defaultConfigurationIsVisible = 0;
			defaultConfigurationName = Release;
		};
		AE21252623F193C80043D217 /* Build configuration list for PBXNativeTarget "GeoLibrary" */ = {
			isa = XCConfigurationList;
			buildConfigurations = (
				AE21252723F193C80043D217 /* Debug */,
				AE21252823F193C80043D217 /* Release */,
			);
			defaultConfigurationIsVisible = 0;
			defaultConfigurationName = Release;
		};
/* End XCConfigurationList section */
	};
	rootObject = AE21250A23F193C60043D217 /* Project object */;
}
